// !$*UTF8*$!
{
	archiveVersion = 1;
	classes = {
	};
	objectVersion = 46;
	objects = {

/* Begin PBXBuildFile section */
		D25BF994193E3A1C00975711 /* Foundation.framework in Frameworks */ = {isa = PBXBuildFile; fileRef = D25BF993193E3A1C00975711 /* Foundation.framework */; };
		D25BF996193E3A1C00975711 /* CoreGraphics.framework in Frameworks */ = {isa = PBXBuildFile; fileRef = D25BF995193E3A1C00975711 /* CoreGraphics.framework */; };
		D25BF998193E3A1C00975711 /* UIKit.framework in Frameworks */ = {isa = PBXBuildFile; fileRef = D25BF997193E3A1C00975711 /* UIKit.framework */; };
		D25BF99E193E3A1C00975711 /* InfoPlist.strings in Resources */ = {isa = PBXBuildFile; fileRef = D25BF99C193E3A1C00975711 /* InfoPlist.strings */; };
		D25BF9A0193E3A1C00975711 /* main.m in Sources */ = {isa = PBXBuildFile; fileRef = D25BF99F193E3A1C00975711 /* main.m */; };
		D25BF9A4193E3A1C00975711 /* AppDelegate.m in Sources */ = {isa = PBXBuildFile; fileRef = D25BF9A3193E3A1C00975711 /* AppDelegate.m */; };
		D25BF9AA193E3A1C00975711 /* ViewController.m in Sources */ = {isa = PBXBuildFile; fileRef = D25BF9A9193E3A1C00975711 /* ViewController.m */; };
		D25BF9AC193E3A1C00975711 /* Images.xcassets in Resources */ = {isa = PBXBuildFile; fileRef = D25BF9AB193E3A1C00975711 /* Images.xcassets */; };
		D25BF9B3193E3A1C00975711 /* XCTest.framework in Frameworks */ = {isa = PBXBuildFile; fileRef = D25BF9B2193E3A1C00975711 /* XCTest.framework */; };
		D25BF9B4193E3A1C00975711 /* Foundation.framework in Frameworks */ = {isa = PBXBuildFile; fileRef = D25BF993193E3A1C00975711 /* Foundation.framework */; };
		D25BF9B5193E3A1C00975711 /* UIKit.framework in Frameworks */ = {isa = PBXBuildFile; fileRef = D25BF997193E3A1C00975711 /* UIKit.framework */; };
		D25BF9BD193E3A1C00975711 /* InfoPlist.strings in Resources */ = {isa = PBXBuildFile; fileRef = D25BF9BB193E3A1C00975711 /* InfoPlist.strings */; };
		D25BF9BF193E3A1C00975711 /* testTests.m in Sources */ = {isa = PBXBuildFile; fileRef = D25BF9BE193E3A1C00975711 /* testTests.m */; };
		D25BFAE2193F1ED100975711 /* Mirena in Resources */ = {isa = PBXBuildFile; fileRef = D25BFAE1193F1ED100975711 /* Mirena */; };
		D25BFB72193F4E9800975711 /* Iphone.storyboard in Resources */ = {isa = PBXBuildFile; fileRef = D25BFB71193F4E9800975711 /* Iphone.storyboard */; };
		D25BFB74193F4EB400975711 /* Ipad.storyboard in Resources */ = {isa = PBXBuildFile; fileRef = D25BFB73193F4EB400975711 /* Ipad.storyboard */; };
/* End PBXBuildFile section */

/* Begin PBXContainerItemProxy section */
		D25BF9B6193E3A1C00975711 /* PBXContainerItemProxy */ = {
			isa = PBXContainerItemProxy;
			containerPortal = D25BF988193E3A1C00975711 /* Project object */;
			proxyType = 1;
			remoteGlobalIDString = D25BF98F193E3A1C00975711;
			remoteInfo = test;
		};
/* End PBXContainerItemProxy section */

/* Begin PBXFileReference section */
		D25BF990193E3A1C00975711 /* test.app */ = {isa = PBXFileReference; explicitFileType = wrapper.application; includeInIndex = 0; path = test.app; sourceTree = BUILT_PRODUCTS_DIR; };
		D25BF993193E3A1C00975711 /* Foundation.framework */ = {isa = PBXFileReference; lastKnownFileType = wrapper.framework; name = Foundation.framework; path = System/Library/Frameworks/Foundation.framework; sourceTree = SDKROOT; };
		D25BF995193E3A1C00975711 /* CoreGraphics.framework */ = {isa = PBXFileReference; lastKnownFileType = wrapper.framework; name = CoreGraphics.framework; path = System/Library/Frameworks/CoreGraphics.framework; sourceTree = SDKROOT; };
		D25BF997193E3A1C00975711 /* UIKit.framework */ = {isa = PBXFileReference; lastKnownFileType = wrapper.framework; name = UIKit.framework; path = System/Library/Frameworks/UIKit.framework; sourceTree = SDKROOT; };
		D25BF99B193E3A1C00975711 /* test-Info.plist */ = {isa = PBXFileReference; lastKnownFileType = text.plist.xml; path = "test-Info.plist"; sourceTree = "<group>"; };
		D25BF99D193E3A1C00975711 /* en */ = {isa = PBXFileReference; lastKnownFileType = text.plist.strings; name = en; path = en.lproj/InfoPlist.strings; sourceTree = "<group>"; };
		D25BF99F193E3A1C00975711 /* main.m */ = {isa = PBXFileReference; lastKnownFileType = sourcecode.c.objc; path = main.m; sourceTree = "<group>"; };
		D25BF9A1193E3A1C00975711 /* test-Prefix.pch */ = {isa = PBXFileReference; lastKnownFileType = sourcecode.c.h; path = "test-Prefix.pch"; sourceTree = "<group>"; };
		D25BF9A2193E3A1C00975711 /* AppDelegate.h */ = {isa = PBXFileReference; lastKnownFileType = sourcecode.c.h; path = AppDelegate.h; sourceTree = "<group>"; };
		D25BF9A3193E3A1C00975711 /* AppDelegate.m */ = {isa = PBXFileReference; lastKnownFileType = sourcecode.c.objc; path = AppDelegate.m; sourceTree = "<group>"; };
		D25BF9A8193E3A1C00975711 /* ViewController.h */ = {isa = PBXFileReference; lastKnownFileType = sourcecode.c.h; path = ViewController.h; sourceTree = "<group>"; };
		D25BF9A9193E3A1C00975711 /* ViewController.m */ = {isa = PBXFileReference; lastKnownFileType = sourcecode.c.objc; path = ViewController.m; sourceTree = "<group>"; };
		D25BF9AB193E3A1C00975711 /* Images.xcassets */ = {isa = PBXFileReference; lastKnownFileType = folder.assetcatalog; path = Images.xcassets; sourceTree = "<group>"; };
		D25BF9B1193E3A1C00975711 /* testTests.xctest */ = {isa = PBXFileReference; explicitFileType = wrapper.cfbundle; includeInIndex = 0; path = testTests.xctest; sourceTree = BUILT_PRODUCTS_DIR; };
		D25BF9B2193E3A1C00975711 /* XCTest.framework */ = {isa = PBXFileReference; lastKnownFileType = wrapper.framework; name = XCTest.framework; path = Library/Frameworks/XCTest.framework; sourceTree = DEVELOPER_DIR; };
		D25BF9BA193E3A1C00975711 /* testTests-Info.plist */ = {isa = PBXFileReference; lastKnownFileType = text.plist.xml; path = "testTests-Info.plist"; sourceTree = "<group>"; };
		D25BF9BC193E3A1C00975711 /* en */ = {isa = PBXFileReference; lastKnownFileType = text.plist.strings; name = en; path = en.lproj/InfoPlist.strings; sourceTree = "<group>"; };
		D25BF9BE193E3A1C00975711 /* testTests.m */ = {isa = PBXFileReference; lastKnownFileType = sourcecode.c.objc; path = testTests.m; sourceTree = "<group>"; };
		D25BFAE1193F1ED100975711 /* Mirena */ = {isa = PBXFileReference; lastKnownFileType = folder; path = Mirena; sourceTree = "<group>"; };
		D25BFB71193F4E9800975711 /* Iphone.storyboard */ = {isa = PBXFileReference; fileEncoding = 4; lastKnownFileType = file.storyboard; path = Iphone.storyboard; sourceTree = "<group>"; };
		D25BFB73193F4EB400975711 /* Ipad.storyboard */ = {isa = PBXFileReference; fileEncoding = 4; lastKnownFileType = file.storyboard; path = Ipad.storyboard; sourceTree = "<group>"; };
/* End PBXFileReference section */

/* Begin PBXFrameworksBuildPhase section */
		D25BF98D193E3A1C00975711 /* Frameworks */ = {
			isa = PBXFrameworksBuildPhase;
			buildActionMask = 2147483647;
			files = (
				D25BF996193E3A1C00975711 /* CoreGraphics.framework in Frameworks */,
				D25BF998193E3A1C00975711 /* UIKit.framework in Frameworks */,
				D25BF994193E3A1C00975711 /* Foundation.framework in Frameworks */,
			);
			runOnlyForDeploymentPostprocessing = 0;
		};
		D25BF9AE193E3A1C00975711 /* Frameworks */ = {
			isa = PBXFrameworksBuildPhase;
			buildActionMask = 2147483647;
			files = (
				D25BF9B3193E3A1C00975711 /* XCTest.framework in Frameworks */,
				D25BF9B5193E3A1C00975711 /* UIKit.framework in Frameworks */,
				D25BF9B4193E3A1C00975711 /* Foundation.framework in Frameworks */,
			);
			runOnlyForDeploymentPostprocessing = 0;
		};
/* End PBXFrameworksBuildPhase section */

/* Begin PBXGroup section */
		D25BF987193E3A1C00975711 = {
			isa = PBXGroup;
			children = (
				D25BF999193E3A1C00975711 /* test */,
				D25BF9B8193E3A1C00975711 /* testTests */,
				D25BF992193E3A1C00975711 /* Frameworks */,
				D25BF991193E3A1C00975711 /* Products */,
			);
			sourceTree = "<group>";
		};
		D25BF991193E3A1C00975711 /* Products */ = {
			isa = PBXGroup;
			children = (
				D25BF990193E3A1C00975711 /* test.app */,
				D25BF9B1193E3A1C00975711 /* testTests.xctest */,
			);
			name = Products;
			sourceTree = "<group>";
		};
		D25BF992193E3A1C00975711 /* Frameworks */ = {
			isa = PBXGroup;
			children = (
				D25BF993193E3A1C00975711 /* Foundation.framework */,
				D25BF995193E3A1C00975711 /* CoreGraphics.framework */,
				D25BF997193E3A1C00975711 /* UIKit.framework */,
				D25BF9B2193E3A1C00975711 /* XCTest.framework */,
			);
			name = Frameworks;
			sourceTree = "<group>";
		};
		D25BF999193E3A1C00975711 /* test */ = {
			isa = PBXGroup;
			children = (
				D25BF9C8193E3A2700975711 /* ressources */,
				D25BF9A2193E3A1C00975711 /* AppDelegate.h */,
				D25BF9A3193E3A1C00975711 /* AppDelegate.m */,
				D25BFB67193F47F300975711 /* storyboards */,
				D25BF9A8193E3A1C00975711 /* ViewController.h */,
				D25BF9A9193E3A1C00975711 /* ViewController.m */,
				D25BF9AB193E3A1C00975711 /* Images.xcassets */,
				D25BF99A193E3A1C00975711 /* Supporting Files */,
			);
			path = test;
			sourceTree = "<group>";
		};
		D25BF99A193E3A1C00975711 /* Supporting Files */ = {
			isa = PBXGroup;
			children = (
				D25BF99B193E3A1C00975711 /* test-Info.plist */,
				D25BF99C193E3A1C00975711 /* InfoPlist.strings */,
				D25BF99F193E3A1C00975711 /* main.m */,
				D25BF9A1193E3A1C00975711 /* test-Prefix.pch */,
			);
			name = "Supporting Files";
			sourceTree = "<group>";
		};
		D25BF9B8193E3A1C00975711 /* testTests */ = {
			isa = PBXGroup;
			children = (
				D25BF9BE193E3A1C00975711 /* testTests.m */,
				D25BF9B9193E3A1C00975711 /* Supporting Files */,
			);
			path = testTests;
			sourceTree = "<group>";
		};
		D25BF9B9193E3A1C00975711 /* Supporting Files */ = {
			isa = PBXGroup;
			children = (
				D25BF9BA193E3A1C00975711 /* testTests-Info.plist */,
				D25BF9BB193E3A1C00975711 /* InfoPlist.strings */,
			);
			name = "Supporting Files";
			sourceTree = "<group>";
		};
		D25BF9C8193E3A2700975711 /* ressources */ = {
			isa = PBXGroup;
			children = (
				D25BFAE1193F1ED100975711 /* Mirena */,
			);
			name = ressources;
			sourceTree = "<group>";
		};
		D25BFB67193F47F300975711 /* storyboards */ = {
			isa = PBXGroup;
			children = (
				D25BFB71193F4E9800975711 /* Iphone.storyboard */,
				D25BFB73193F4EB400975711 /* Ipad.storyboard */,
			);
			name = storyboards;
			sourceTree = "<group>";
		};
/* End PBXGroup section */

/* Begin PBXNativeTarget section */
		D25BF98F193E3A1C00975711 /* test */ = {
			isa = PBXNativeTarget;
			buildConfigurationList = D25BF9C2193E3A1C00975711 /* Build configuration list for PBXNativeTarget "test" */;
			buildPhases = (
				D25BF98C193E3A1C00975711 /* Sources */,
				D25BF98D193E3A1C00975711 /* Frameworks */,
				D25BF98E193E3A1C00975711 /* Resources */,
			);
			buildRules = (
			);
			dependencies = (
			);
			name = test;
			productName = test;
			productReference = D25BF990193E3A1C00975711 /* test.app */;
			productType = "com.apple.product-type.application";
		};
		D25BF9B0193E3A1C00975711 /* testTests */ = {
			isa = PBXNativeTarget;
			buildConfigurationList = D25BF9C5193E3A1C00975711 /* Build configuration list for PBXNativeTarget "testTests" */;
			buildPhases = (
				D25BF9AD193E3A1C00975711 /* Sources */,
				D25BF9AE193E3A1C00975711 /* Frameworks */,
				D25BF9AF193E3A1C00975711 /* Resources */,
			);
			buildRules = (
			);
			dependencies = (
				D25BF9B7193E3A1C00975711 /* PBXTargetDependency */,
			);
			name = testTests;
			productName = testTests;
			productReference = D25BF9B1193E3A1C00975711 /* testTests.xctest */;
			productType = "com.apple.product-type.bundle.unit-test";
		};
/* End PBXNativeTarget section */

/* Begin PBXProject section */
		D25BF988193E3A1C00975711 /* Project object */ = {
			isa = PBXProject;
			attributes = {
				LastUpgradeCheck = 0510;
				ORGANIZATIONNAME = "___FULLUSERNAME___";
				TargetAttributes = {
					D25BF98F193E3A1C00975711 = {
						DevelopmentTeam = AYJ292BYU4;
					};
					D25BF9B0193E3A1C00975711 = {
						TestTargetID = D25BF98F193E3A1C00975711;
					};
				};
			};
			buildConfigurationList = D25BF98B193E3A1C00975711 /* Build configuration list for PBXProject "test" */;
			compatibilityVersion = "Xcode 3.2";
			developmentRegion = English;
			hasScannedForEncodings = 0;
			knownRegions = (
				en,
				Base,
			);
			mainGroup = D25BF987193E3A1C00975711;
			productRefGroup = D25BF991193E3A1C00975711 /* Products */;
			projectDirPath = "";
			projectRoot = "";
			targets = (
				D25BF98F193E3A1C00975711 /* test */,
				D25BF9B0193E3A1C00975711 /* testTests */,
			);
		};
/* End PBXProject section */

/* Begin PBXResourcesBuildPhase section */
		D25BF98E193E3A1C00975711 /* Resources */ = {
			isa = PBXResourcesBuildPhase;
			buildActionMask = 2147483647;
			files = (
				D25BFB74193F4EB400975711 /* Ipad.storyboard in Resources */,
				D25BF9AC193E3A1C00975711 /* Images.xcassets in Resources */,
				D25BF99E193E3A1C00975711 /* InfoPlist.strings in Resources */,
				D25BFAE2193F1ED100975711 /* Mirena in Resources */,
				D25BFB72193F4E9800975711 /* Iphone.storyboard in Resources */,
			);
			runOnlyForDeploymentPostprocessing = 0;
		};
		D25BF9AF193E3A1C00975711 /* Resources */ = {
			isa = PBXResourcesBuildPhase;
			buildActionMask = 2147483647;
			files = (
				D25BF9BD193E3A1C00975711 /* InfoPlist.strings in Resources */,
			);
			runOnlyForDeploymentPostprocessing = 0;
		};
/* End PBXResourcesBuildPhase section */

/* Begin PBXSourcesBuildPhase section */
		D25BF98C193E3A1C00975711 /* Sources */ = {
			isa = PBXSourcesBuildPhase;
			buildActionMask = 2147483647;
			files = (
				D25BF9AA193E3A1C00975711 /* ViewController.m in Sources */,
				D25BF9A4193E3A1C00975711 /* AppDelegate.m in Sources */,
				D25BF9A0193E3A1C00975711 /* main.m in Sources */,
			);
			runOnlyForDeploymentPostprocessing = 0;
		};
		D25BF9AD193E3A1C00975711 /* Sources */ = {
			isa = PBXSourcesBuildPhase;
			buildActionMask = 2147483647;
			files = (
				D25BF9BF193E3A1C00975711 /* testTests.m in Sources */,
			);
			runOnlyForDeploymentPostprocessing = 0;
		};
/* End PBXSourcesBuildPhase section */

/* Begin PBXTargetDependency section */
		D25BF9B7193E3A1C00975711 /* PBXTargetDependency */ = {
			isa = PBXTargetDependency;
			target = D25BF98F193E3A1C00975711 /* test */;
			targetProxy = D25BF9B6193E3A1C00975711 /* PBXContainerItemProxy */;
		};
/* End PBXTargetDependency section */

/* Begin PBXVariantGroup section */
		D25BF99C193E3A1C00975711 /* InfoPlist.strings */ = {
			isa = PBXVariantGroup;
			children = (
				D25BF99D193E3A1C00975711 /* en */,
			);
			name = InfoPlist.strings;
			sourceTree = "<group>";
		};
		D25BF9BB193E3A1C00975711 /* InfoPlist.strings */ = {
			isa = PBXVariantGroup;
			children = (
				D25BF9BC193E3A1C00975711 /* en */,
			);
			name = InfoPlist.strings;
			sourceTree = "<group>";
		};
/* End PBXVariantGroup section */

/* Begin XCBuildConfiguration section */
		D25BF9C0193E3A1C00975711 /* Debug */ = {
			isa = XCBuildConfiguration;
			buildSettings = {
				ALWAYS_SEARCH_USER_PATHS = NO;
				CLANG_CXX_LANGUAGE_STANDARD = "gnu++0x";
				CLANG_CXX_LIBRARY = "libc++";
				CLANG_ENABLE_MODULES = YES;
				CLANG_ENABLE_OBJC_ARC = YES;
				CLANG_WARN_BOOL_CONVERSION = YES;
				CLANG_WARN_CONSTANT_CONVERSION = YES;
				CLANG_WARN_DIRECT_OBJC_ISA_USAGE = YES_ERROR;
				CLANG_WARN_EMPTY_BODY = YES;
				CLANG_WARN_ENUM_CONVERSION = YES;
				CLANG_WARN_INT_CONVERSION = YES;
				CLANG_WARN_OBJC_ROOT_CLASS = YES_ERROR;
				CLANG_WARN__DUPLICATE_METHOD_MATCH = YES;
				CODE_SIGN_IDENTITY = "iPhone Distribution: Visceral (AYJ292BYU4)";
				"CODE_SIGN_IDENTITY[sdk=iphoneos*]" = "iPhone Distribution: Visceral (AYJ292BYU4)";
				COPY_PHASE_STRIP = NO;
				GCC_C_LANGUAGE_STANDARD = gnu99;
				GCC_DYNAMIC_NO_PIC = NO;
				GCC_OPTIMIZATION_LEVEL = 0;
				GCC_PREPROCESSOR_DEFINITIONS = (
					"DEBUG=1",
					"$(inherited)",
				);
				GCC_SYMBOLS_PRIVATE_EXTERN = NO;
				GCC_WARN_64_TO_32_BIT_CONVERSION = YES;
				GCC_WARN_ABOUT_RETURN_TYPE = YES_ERROR;
				GCC_WARN_UNDECLARED_SELECTOR = YES;
				GCC_WARN_UNINITIALIZED_AUTOS = YES_AGGRESSIVE;
				GCC_WARN_UNUSED_FUNCTION = YES;
				GCC_WARN_UNUSED_VARIABLE = YES;
				IPHONEOS_DEPLOYMENT_TARGET = 7.1;
				ONLY_ACTIVE_ARCH = YES;
				PROVISIONING_PROFILE = "5EC10485-2D72-4250-9334-FEA732687C16";
				SDKROOT = iphoneos;
				TARGETED_DEVICE_FAMILY = 2;
			};
			name = Debug;
		};
		D25BF9C1193E3A1C00975711 /* Release */ = {
			isa = XCBuildConfiguration;
			buildSettings = {
				ALWAYS_SEARCH_USER_PATHS = NO;
				CLANG_CXX_LANGUAGE_STANDARD = "gnu++0x";
				CLANG_CXX_LIBRARY = "libc++";
				CLANG_ENABLE_MODULES = YES;
				CLANG_ENABLE_OBJC_ARC = YES;
				CLANG_WARN_BOOL_CONVERSION = YES;
				CLANG_WARN_CONSTANT_CONVERSION = YES;
				CLANG_WARN_DIRECT_OBJC_ISA_USAGE = YES_ERROR;
				CLANG_WARN_EMPTY_BODY = YES;
				CLANG_WARN_ENUM_CONVERSION = YES;
				CLANG_WARN_INT_CONVERSION = YES;
				CLANG_WARN_OBJC_ROOT_CLASS = YES_ERROR;
				CLANG_WARN__DUPLICATE_METHOD_MATCH = YES;
				CODE_SIGN_IDENTITY = "iPhone Distribution: Visceral (AYJ292BYU4)";
				"CODE_SIGN_IDENTITY[sdk=iphoneos*]" = "iPhone Distribution: Visceral (AYJ292BYU4)";
				COPY_PHASE_STRIP = YES;
				ENABLE_NS_ASSERTIONS = NO;
				GCC_C_LANGUAGE_STANDARD = gnu99;
				GCC_WARN_64_TO_32_BIT_CONVERSION = YES;
				GCC_WARN_ABOUT_RETURN_TYPE = YES_ERROR;
				GCC_WARN_UNDECLARED_SELECTOR = YES;
				GCC_WARN_UNINITIALIZED_AUTOS = YES_AGGRESSIVE;
				GCC_WARN_UNUSED_FUNCTION = YES;
				GCC_WARN_UNUSED_VARIABLE = YES;
				IPHONEOS_DEPLOYMENT_TARGET = 7.1;
				PROVISIONING_PROFILE = "5EC10485-2D72-4250-9334-FEA732687C16";
				SDKROOT = iphoneos;
				TARGETED_DEVICE_FAMILY = 2;
				VALIDATE_PRODUCT = YES;
			};
			name = Release;
		};
		D25BF9C3193E3A1C00975711 /* Debug */ = {
			isa = XCBuildConfiguration;
			buildSettings = {
				ASSETCATALOG_COMPILER_APPICON_NAME = AppIcon;
				ASSETCATALOG_COMPILER_LAUNCHIMAGE_NAME = LaunchImage;
				CODE_SIGN_IDENTITY = "iPhone Developer: Thai Nguyen (AAZHQ3Z5U6)";
				GCC_PRECOMPILE_PREFIX_HEADER = YES;
				GCC_PREFIX_HEADER = "test/test-Prefix.pch";
				INFOPLIST_FILE = "test/test-Info.plist";
				PRODUCT_NAME = "$(TARGET_NAME)";
				PROVISIONING_PROFILE = "629DFE38-585F-4D87-B83E-EFE24D9A099A";
				TARGETED_DEVICE_FAMILY = "1,2";
				WRAPPER_EXTENSION = app;
			};
			name = Debug;
		};
		D25BF9C4193E3A1C00975711 /* Release */ = {
			isa = XCBuildConfiguration;
			buildSettings = {
				ASSETCATALOG_COMPILER_APPICON_NAME = AppIcon;
				ASSETCATALOG_COMPILER_LAUNCHIMAGE_NAME = LaunchImage;
				CODE_SIGN_IDENTITY = "iPhone Developer: Thai Nguyen (AAZHQ3Z5U6)";
				GCC_PRECOMPILE_PREFIX_HEADER = YES;
				GCC_PREFIX_HEADER = "test/test-Prefix.pch";
				INFOPLIST_FILE = "test/test-Info.plist";
				PRODUCT_NAME = "$(TARGET_NAME)";
				PROVISIONING_PROFILE = "629DFE38-585F-4D87-B83E-EFE24D9A099A";
				TARGETED_DEVICE_FAMILY = "1,2";
				WRAPPER_EXTENSION = app;
			};
			name = Release;
		};
		D25BF9C6193E3A1C00975711 /* Debug */ = {
			isa = XCBuildConfiguration;
			buildSettings = {
				BUNDLE_LOADER = "$(BUILT_PRODUCTS_DIR)/test.app/test";
				FRAMEWORK_SEARCH_PATHS = (
					"$(SDKROOT)/Developer/Library/Frameworks",
					"$(inherited)",
					"$(DEVELOPER_FRAMEWORKS_DIR)",
				);
				GCC_PRECOMPILE_PREFIX_HEADER = YES;
				GCC_PREFIX_HEADER = "test/test-Prefix.pch";
				GCC_PREPROCESSOR_DEFINITIONS = (
					"DEBUG=1",
					"$(inherited)",
				);
				INFOPLIST_FILE = "testTests/testTests-Info.plist";
				PRODUCT_NAME = "$(TARGET_NAME)";
				TEST_HOST = "$(BUNDLE_LOADER)";
				WRAPPER_EXTENSION = xctest;
			};
			name = Debug;
		};
		D25BF9C7193E3A1C00975711 /* Release */ = {
			isa = XCBuildConfiguration;
			buildSettings = {
				BUNDLE_LOADER = "$(BUILT_PRODUCTS_DIR)/test.app/test";
				FRAMEWORK_SEARCH_PATHS = (
					"$(SDKROOT)/Developer/Library/Frameworks",
					"$(inherited)",
					"$(DEVELOPER_FRAMEWORKS_DIR)",
				);
				GCC_PRECOMPILE_PREFIX_HEADER = YES;
				GCC_PREFIX_HEADER = "test/test-Prefix.pch";
				INFOPLIST_FILE = "testTests/testTests-Info.plist";
				PRODUCT_NAME = "$(TARGET_NAME)";
				TEST_HOST = "$(BUNDLE_LOADER)";
				WRAPPER_EXTENSION = xctest;
			};
			name = Release;
		};
/* End XCBuildConfiguration section */

/* Begin XCConfigurationList section */
		D25BF98B193E3A1C00975711 /* Build configuration list for PBXProject "test" */ = {
			isa = XCConfigurationList;
			buildConfigurations = (
				D25BF9C0193E3A1C00975711 /* Debug */,
				D25BF9C1193E3A1C00975711 /* Release */,
			);
			defaultConfigurationIsVisible = 0;
			defaultConfigurationName = Release;
		};
		D25BF9C2193E3A1C00975711 /* Build configuration list for PBXNativeTarget "test" */ = {
			isa = XCConfigurationList;
			buildConfigurations = (
				D25BF9C3193E3A1C00975711 /* Debug */,
				D25BF9C4193E3A1C00975711 /* Release */,
			);
			defaultConfigurationIsVisible = 0;
			defaultConfigurationName = Release;
		};
		D25BF9C5193E3A1C00975711 /* Build configuration list for PBXNativeTarget "testTests" */ = {
			isa = XCConfigurationList;
			buildConfigurations = (
				D25BF9C6193E3A1C00975711 /* Debug */,
				D25BF9C7193E3A1C00975711 /* Release */,
			);
			defaultConfigurationIsVisible = 0;
			defaultConfigurationName = Release;
		};
/* End XCConfigurationList section */
	};
	rootObject = D25BF988193E3A1C00975711 /* Project object */;
}
